
Microsoft Visual Studio Solution File, Format Version 12.00
# Visual Studio Version 17
VisualStudioVersion = 17.5.33424.131
MinimumVisualStudioVersion = 10.0.40219.1
Project("{FAE04EC0-301F-11D3-BF4B-00C04F79EFBC}") = "ShapesCalculator", "ShapesCalculator.csproj", "{AE87F79F-8DA5-4808-A7D4-3F29B7967D7B}"
EndProject
Project("{FAE04EC0-301F-11D3-BF4B-00C04F79EFBC}") = "TestApp", "TestApp\TestApp.csproj", "{AAB87863-E337-4E81-B696-0AD0668005BC}"
EndProject
Global
	GlobalSection(SolutionConfigurationPlatforms) = preSolution
		Debug|Any CPU = Debug|Any CPU
		Release|Any CPU = Release|Any CPU
	EndGlobalSection
	GlobalSection(ProjectConfigurationPlatforms) = postSolution
		{AE87F79F-8DA5-4808-A7D4-3F29B7967D7B}.Debug|Any CPU.ActiveCfg = Debug|Any CPU
		{AE87F79F-8DA5-4808-A7D4-3F29B7967D7B}.Debug|Any CPU.Build.0 = Debug|Any CPU
		{AE87F79F-8DA5-4808-A7D4-3F29B7967D7B}.Release|Any CPU.ActiveCfg = Release|Any CPU
		{AE87F79F-8DA5-4808-A7D4-3F29B7967D7B}.Release|Any CPU.Build.0 = Release|Any CPU
		{AAB87863-E337-4E81-B696-0AD0668005BC}.Debug|Any CPU.ActiveCfg = Debug|Any CPU
		{AAB87863-E337-4E81-B696-0AD0668005BC}.Debug|Any CPU.Build.0 = Debug|Any CPU
		{AAB87863-E337-4E81-B696-0AD0668005BC}.Release|Any CPU.ActiveCfg = Release|Any CPU
		{AAB87863-E337-4E81-B696-0AD0668005BC}.Release|Any CPU.Build.0 = Release|Any CPU
	EndGlobalSection
	GlobalSection(SolutionProperties) = preSolution
		HideSolutionNode = FALSE
	EndGlobalSection
	GlobalSection(ExtensibilityGlobals) = postSolution
		SolutionGuid = {185C3EAC-09AC-48BC-BB1E-4A5CB2FD85FB}
	EndGlobalSection
EndGlobal
